
Microsoft Visual Studio Solution File, Format Version 12.00
# Visual Studio Version 17
VisualStudioVersion = 17.13.35931.197 d17.13
MinimumVisualStudioVersion = 10.0.40219.1
Project("{FAE04EC0-301F-11D3-BF4B-00C04F79EFBC}") = "WebApplication1", "WebApplication1.csproj", "{066E10D4-4722-43CB-B77E-1FA0CB017CEA}"
EndProject
Global
	GlobalSection(SolutionConfigurationPlatforms) = preSolution
		Debug|Any CPU = Debug|Any CPU
		Release|Any CPU = Release|Any CPU
	EndGlobalSection
	GlobalSection(ProjectConfigurationPlatforms) = postSolution
		{066E10D4-4722-43CB-B77E-1FA0CB017CEA}.Debug|Any CPU.ActiveCfg = Debug|Any CPU
		{066E10D4-4722-43CB-B77E-1FA0CB017CEA}.Debug|Any CPU.Build.0 = Debug|Any CPU
		{066E10D4-4722-43CB-B77E-1FA0CB017CEA}.Release|Any CPU.ActiveCfg = Release|Any CPU
		{066E10D4-4722-43CB-B77E-1FA0CB017CEA}.Release|Any CPU.Build.0 = Release|Any CPU
	EndGlobalSection
	GlobalSection(SolutionProperties) = preSolution
		HideSolutionNode = FALSE
	EndGlobalSection
	GlobalSection(ExtensibilityGlobals) = postSolution
		SolutionGuid = {76DB8076-EBEF-4F89-84A8-D39CFFD02808}
	EndGlobalSection
EndGlobal
